
Microsoft Visual Studio Solution File, Format Version 12.00
# Visual Studio Version 16
VisualStudioVersion = 16.0.29306.81
MinimumVisualStudioVersion = 10.0.40219.1
Project("{FAE04EC0-301F-11D3-BF4B-00C04F79EFBC}") = "Open Lab 01-1", "Open Lab 01-1\Open Lab 01-1.csproj", "{CE5E42B2-88BA-4C97-8420-F4B928D48B4B}"
EndProject
Global
	GlobalSection(SolutionConfigurationPlatforms) = preSolution
		Debug|Any CPU = Debug|Any CPU
		Release|Any CPU = Release|Any CPU
	EndGlobalSection
	GlobalSection(ProjectConfigurationPlatforms) = postSolution
		{CE5E42B2-88BA-4C97-8420-F4B928D48B4B}.Debug|Any CPU.ActiveCfg = Debug|Any CPU
		{CE5E42B2-88BA-4C97-8420-F4B928D48B4B}.Debug|Any CPU.Build.0 = Debug|Any CPU
		{CE5E42B2-88BA-4C97-8420-F4B928D48B4B}.Release|Any CPU.ActiveCfg = Release|Any CPU
		{CE5E42B2-88BA-4C97-8420-F4B928D48B4B}.Release|Any CPU.Build.0 = Release|Any CPU
	EndGlobalSection
	GlobalSection(SolutionProperties) = preSolution
		HideSolutionNode = FALSE
	EndGlobalSection
	GlobalSection(ExtensibilityGlobals) = postSolution
		SolutionGuid = {32279459-F876-43AF-A49E-A9C1E02AF611}
	EndGlobalSection
EndGlobal
